
Microsoft Visual Studio Solution File, Format Version 12.00
# Visual Studio Version 16
VisualStudioVersion = 16.0.29201.188
MinimumVisualStudioVersion = 10.0.40219.1
Project("{9A19103F-16F7-4668-BE54-9A1E7A4F7556}") = "MyLeasing.Common", "MyLeasing.Common\MyLeasing.Common.csproj", "{9B3A0330-8A8E-4BB7-AED4-E2EAA3E07325}"
EndProject
Project("{9A19103F-16F7-4668-BE54-9A1E7A4F7556}") = "MyLeasing.Web", "MyLeasing.Web\MyLeasing.Web.csproj", "{063166F8-D465-46C3-9AC7-273EF3FE0770}"
EndProject
Project("{FAE04EC0-301F-11D3-BF4B-00C04F79EFBC}") = "MyLeasing.Prism", "MyLeasing.Prism\MyLeasing.Prism\MyLeasing.Prism.csproj", "{7CA2A5C5-FBCB-47BA-AF5C-A12CDAD0CC6C}"
EndProject
Project("{FAE04EC0-301F-11D3-BF4B-00C04F79EFBC}") = "MyLeasing.Prism.Android", "MyLeasing.Prism\MyLeasing.Prism.Android\MyLeasing.Prism.Android.csproj", "{AABD32B4-BC3E-4C75-B53B-7392D6D14E5D}"
EndProject
Project("{FAE04EC0-301F-11D3-BF4B-00C04F79EFBC}") = "MyLeasing.Prism.iOS", "MyLeasing.Prism\MyLeasing.Prism.iOS\MyLeasing.Prism.iOS.csproj", "{1587B12C-AF88-4472-B86D-13664B12AC84}"
EndProject
Project("{FAE04EC0-301F-11D3-BF4B-00C04F79EFBC}") = "MyLeasing.Prism.UWP", "MyLeasing.Prism\MyLeasing.Prism.UWP\MyLeasing.Prism.UWP.csproj", "{BA394538-C297-47FD-8819-3808A4C24C77}"
EndProject
Global
	GlobalSection(SolutionConfigurationPlatforms) = preSolution
		Ad-Hoc|Any CPU = Ad-Hoc|Any CPU
		Ad-Hoc|ARM = Ad-Hoc|ARM
		Ad-Hoc|iPhone = Ad-Hoc|iPhone
		Ad-Hoc|iPhoneSimulator = Ad-Hoc|iPhoneSimulator
		Ad-Hoc|x64 = Ad-Hoc|x64
		Ad-Hoc|x86 = Ad-Hoc|x86
		AppStore|Any CPU = AppStore|Any CPU
		AppStore|ARM = AppStore|ARM
		AppStore|iPhone = AppStore|iPhone
		AppStore|iPhoneSimulator = AppStore|iPhoneSimulator
		AppStore|x64 = AppStore|x64
		AppStore|x86 = AppStore|x86
		Debug|Any CPU = Debug|Any CPU
		Debug|ARM = Debug|ARM
		Debug|iPhone = Debug|iPhone
		Debug|iPhoneSimulator = Debug|iPhoneSimulator
		Debug|x64 = Debug|x64
		Debug|x86 = Debug|x86
		Release|Any CPU = Release|Any CPU
		Release|ARM = Release|ARM
		Release|iPhone = Release|iPhone
		Release|iPhoneSimulator = Release|iPhoneSimulator
		Release|x64 = Release|x64
		Release|x86 = Release|x86
	EndGlobalSection
	GlobalSection(ProjectConfigurationPlatforms) = postSolution
		{9B3A0330-8A8E-4BB7-AED4-E2EAA3E07325}.Ad-Hoc|Any CPU.ActiveCfg = Release|Any CPU
		{9B3A0330-8A8E-4BB7-AED4-E2EAA3E07325}.Ad-Hoc|Any CPU.Build.0 = Release|Any CPU
		{9B3A0330-8A8E-4BB7-AED4-E2EAA3E07325}.Ad-Hoc|ARM.ActiveCfg = Release|Any CPU
		{9B3A0330-8A8E-4BB7-AED4-E2EAA3E07325}.Ad-Hoc|ARM.Build.0 = Release|Any CPU
		{9B3A0330-8A8E-4BB7-AED4-E2EAA3E07325}.Ad-Hoc|iPhone.ActiveCfg = Release|Any CPU
		{9B3A0330-8A8E-4BB7-AED4-E2EAA3E07325}.Ad-Hoc|iPhone.Build.0 = Release|Any CPU
		{9B3A0330-8A8E-4BB7-AED4-E2EAA3E07325}.Ad-Hoc|iPhoneSimulator.ActiveCfg = Release|Any CPU
		{9B3A0330-8A8E-4BB7-AED4-E2EAA3E07325}.Ad-Hoc|iPhoneSimulator.Build.0 = Release|Any CPU
		{9B3A0330-8A8E-4BB7-AED4-E2EAA3E07325}.Ad-Hoc|x64.ActiveCfg = Release|Any CPU
		{9B3A0330-8A8E-4BB7-AED4-E2EAA3E07325}.Ad-Hoc|x64.Build.0 = Release|Any CPU
		{9B3A0330-8A8E-4BB7-AED4-E2EAA3E07325}.Ad-Hoc|x86.ActiveCfg = Release|Any CPU
		{9B3A0330-8A8E-4BB7-AED4-E2EAA3E07325}.Ad-Hoc|x86.Build.0 = Release|Any CPU
		{9B3A0330-8A8E-4BB7-AED4-E2EAA3E07325}.AppStore|Any CPU.ActiveCfg = Release|Any CPU
		{9B3A0330-8A8E-4BB7-AED4-E2EAA3E07325}.AppStore|Any CPU.Build.0 = Release|Any CPU
		{9B3A0330-8A8E-4BB7-AED4-E2EAA3E07325}.AppStore|ARM.ActiveCfg = Release|Any CPU
		{9B3A0330-8A8E-4BB7-AED4-E2EAA3E07325}.AppStore|ARM.Build.0 = Release|Any CPU
		{9B3A0330-8A8E-4BB7-AED4-E2EAA3E07325}.AppStore|iPhone.ActiveCfg = Release|Any CPU
		{9B3A0330-8A8E-4BB7-AED4-E2EAA3E07325}.AppStore|iPhone.Build.0 = Release|Any CPU
		{9B3A0330-8A8E-4BB7-AED4-E2EAA3E07325}.AppStore|iPhoneSimulator.ActiveCfg = Release|Any CPU
		{9B3A0330-8A8E-4BB7-AED4-E2EAA3E07325}.AppStore|iPhoneSimulator.Build.0 = Release|Any CPU
		{9B3A0330-8A8E-4BB7-AED4-E2EAA3E07325}.AppStore|x64.ActiveCfg = Release|Any CPU
		{9B3A0330-8A8E-4BB7-AED4-E2EAA3E07325}.AppStore|x64.Build.0 = Release|Any CPU
		{9B3A0330-8A8E-4BB7-AED4-E2EAA3E07325}.AppStore|x86.ActiveCfg = Release|Any CPU
		{9B3A0330-8A8E-4BB7-AED4-E2EAA3E07325}.AppStore|x86.Build.0 = Release|Any CPU
		{9B3A0330-8A8E-4BB7-AED4-E2EAA3E07325}.Debug|Any CPU.ActiveCfg = Debug|Any CPU
		{9B3A0330-8A8E-4BB7-AED4-E2EAA3E07325}.Debug|Any CPU.Build.0 = Debug|Any CPU
		{9B3A0330-8A8E-4BB7-AED4-E2EAA3E07325}.Debug|ARM.ActiveCfg = Debug|Any CPU
		{9B3A0330-8A8E-4BB7-AED4-E2EAA3E07325}.Debug|ARM.Build.0 = Debug|Any CPU
		{9B3A0330-8A8E-4BB7-AED4-E2EAA3E07325}.Debug|iPhone.ActiveCfg = Debug|Any CPU
		{9B3A0330-8A8E-4BB7-AED4-E2EAA3E07325}.Debug|iPhone.Build.0 = Debug|Any CPU
		{9B3A0330-8A8E-4BB7-AED4-E2EAA3E07325}.Debug|iPhoneSimulator.ActiveCfg = Debug|Any CPU
		{9B3A0330-8A8E-4BB7-AED4-E2EAA3E07325}.Debug|iPhoneSimulator.Build.0 = Debug|Any CPU
		{9B3A0330-8A8E-4BB7-AED4-E2EAA3E07325}.Debug|x64.ActiveCfg = Debug|Any CPU
		{9B3A0330-8A8E-4BB7-AED4-E2EAA3E07325}.Debug|x64.Build.0 = Debug|Any CPU
		{9B3A0330-8A8E-4BB7-AED4-E2EAA3E07325}.Debug|x86.ActiveCfg = Debug|Any CPU
		{9B3A0330-8A8E-4BB7-AED4-E2EAA3E07325}.Debug|x86.Build.0 = Debug|Any CPU
		{9B3A0330-8A8E-4BB7-AED4-E2EAA3E07325}.Release|Any CPU.ActiveCfg = Release|Any CPU
		{9B3A0330-8A8E-4BB7-AED4-E2EAA3E07325}.Release|Any CPU.Build.0 = Release|Any CPU
		{9B3A0330-8A8E-4BB7-AED4-E2EAA3E07325}.Release|ARM.ActiveCfg = Release|Any CPU
		{9B3A0330-8A8E-4BB7-AED4-E2EAA3E07325}.Release|ARM.Build.0 = Release|Any CPU
		{9B3A0330-8A8E-4BB7-AED4-E2EAA3E07325}.Release|iPhone.ActiveCfg = Release|Any CPU
		{9B3A0330-8A8E-4BB7-AED4-E2EAA3E07325}.Release|iPhone.Build.0 = Release|Any CPU
		{9B3A0330-8A8E-4BB7-AED4-E2EAA3E07325}.Release|iPhoneSimulator.ActiveCfg = Release|Any CPU
		{9B3A0330-8A8E-4BB7-AED4-E2EAA3E07325}.Release|iPhoneSimulator.Build.0 = Release|Any CPU
		{9B3A0330-8A8E-4BB7-AED4-E2EAA3E07325}.Release|x64.ActiveCfg = Release|Any CPU
		{9B3A0330-8A8E-4BB7-AED4-E2EAA3E07325}.Release|x64.Build.0 = Release|Any CPU
		{9B3A0330-8A8E-4BB7-AED4-E2EAA3E07325}.Release|x86.ActiveCfg = Release|Any CPU
		{9B3A0330-8A8E-4BB7-AED4-E2EAA3E07325}.Release|x86.Build.0 = Release|Any CPU
		{063166F8-D465-46C3-9AC7-273EF3FE0770}.Ad-Hoc|Any CPU.ActiveCfg = Release|Any CPU
		{063166F8-D465-46C3-9AC7-273EF3FE0770}.Ad-Hoc|Any CPU.Build.0 = Release|Any CPU
		{063166F8-D465-46C3-9AC7-273EF3FE0770}.Ad-Hoc|ARM.ActiveCfg = Release|Any CPU
		{063166F8-D465-46C3-9AC7-273EF3FE0770}.Ad-Hoc|ARM.Build.0 = Release|Any CPU
		{063166F8-D465-46C3-9AC7-273EF3FE0770}.Ad-Hoc|iPhone.ActiveCfg = Release|Any CPU
		{063166F8-D465-46C3-9AC7-273EF3FE0770}.Ad-Hoc|iPhone.Build.0 = Release|Any CPU
		{063166F8-D465-46C3-9AC7-273EF3FE0770}.Ad-Hoc|iPhoneSimulator.ActiveCfg = Release|Any CPU
		{063166F8-D465-46C3-9AC7-273EF3FE0770}.Ad-Hoc|iPhoneSimulator.Build.0 = Release|Any CPU
		{063166F8-D465-46C3-9AC7-273EF3FE0770}.Ad-Hoc|x64.ActiveCfg = Release|Any CPU
		{063166F8-D465-46C3-9AC7-273EF3FE0770}.Ad-Hoc|x64.Build.0 = Release|Any CPU
		{063166F8-D465-46C3-9AC7-273EF3FE0770}.Ad-Hoc|x86.ActiveCfg = Release|Any CPU
		{063166F8-D465-46C3-9AC7-273EF3FE0770}.Ad-Hoc|x86.Build.0 = Release|Any CPU
		{063166F8-D465-46C3-9AC7-273EF3FE0770}.AppStore|Any CPU.ActiveCfg = Release|Any CPU
		{063166F8-D465-46C3-9AC7-273EF3FE0770}.AppStore|Any CPU.Build.0 = Release|Any CPU
		{063166F8-D465-46C3-9AC7-273EF3FE0770}.AppStore|ARM.ActiveCfg = Release|Any CPU
		{063166F8-D465-46C3-9AC7-273EF3FE0770}.AppStore|ARM.Build.0 = Release|Any CPU
		{063166F8-D465-46C3-9AC7-273EF3FE0770}.AppStore|iPhone.ActiveCfg = Release|Any CPU
		{063166F8-D465-46C3-9AC7-273EF3FE0770}.AppStore|iPhone.Build.0 = Release|Any CPU
		{063166F8-D465-46C3-9AC7-273EF3FE0770}.AppStore|iPhoneSimulator.ActiveCfg = Release|Any CPU
		{063166F8-D465-46C3-9AC7-273EF3FE0770}.AppStore|iPhoneSimulator.Build.0 = Release|Any CPU
		{063166F8-D465-46C3-9AC7-273EF3FE0770}.AppStore|x64.ActiveCfg = Release|Any CPU
		{063166F8-D465-46C3-9AC7-273EF3FE0770}.AppStore|x64.Build.0 = Release|Any CPU
		{063166F8-D465-46C3-9AC7-273EF3FE0770}.AppStore|x86.ActiveCfg = Release|Any CPU
		{063166F8-D465-46C3-9AC7-273EF3FE0770}.AppStore|x86.Build.0 = Release|Any CPU
		{063166F8-D465-46C3-9AC7-273EF3FE0770}.Debug|Any CPU.ActiveCfg = Debug|Any CPU
		{063166F8-D465-46C3-9AC7-273EF3FE0770}.Debug|Any CPU.Build.0 = Debug|Any CPU
		{063166F8-D465-46C3-9AC7-273EF3FE0770}.Debug|ARM.ActiveCfg = Debug|Any CPU
		{063166F8-D465-46C3-9AC7-273EF3FE0770}.Debug|ARM.Build.0 = Debug|Any CPU
		{063166F8-D465-46C3-9AC7-273EF3FE0770}.Debug|iPhone.ActiveCfg = Debug|Any CPU
		{063166F8-D465-46C3-9AC7-273EF3FE0770}.Debug|iPhone.Build.0 = Debug|Any CPU
		{063166F8-D465-46C3-9AC7-273EF3FE0770}.Debug|iPhoneSimulator.ActiveCfg = Debug|Any CPU
		{063166F8-D465-46C3-9AC7-273EF3FE0770}.Debug|iPhoneSimulator.Build.0 = Debug|Any CPU
		{063166F8-D465-46C3-9AC7-273EF3FE0770}.Debug|x64.ActiveCfg = Debug|Any CPU
		{063166F8-D465-46C3-9AC7-273EF3FE0770}.Debug|x64.Build.0 = Debug|Any CPU
		{063166F8-D465-46C3-9AC7-273EF3FE0770}.Debug|x86.ActiveCfg = Debug|Any CPU
		{063166F8-D465-46C3-9AC7-273EF3FE0770}.Debug|x86.Build.0 = Debug|Any CPU
		{063166F8-D465-46C3-9AC7-273EF3FE0770}.Release|Any CPU.ActiveCfg = Release|Any CPU
		{063166F8-D465-46C3-9AC7-273EF3FE0770}.Release|Any CPU.Build.0 = Release|Any CPU
		{063166F8-D465-46C3-9AC7-273EF3FE0770}.Release|ARM.ActiveCfg = Release|Any CPU
		{063166F8-D465-46C3-9AC7-273EF3FE0770}.Release|ARM.Build.0 = Release|Any CPU
		{063166F8-D465-46C3-9AC7-273EF3FE0770}.Release|iPhone.ActiveCfg = Release|Any CPU
		{063166F8-D465-46C3-9AC7-273EF3FE0770}.Release|iPhone.Build.0 = Release|Any CPU
		{063166F8-D465-46C3-9AC7-273EF3FE0770}.Release|iPhoneSimulator.ActiveCfg = Release|Any CPU
		{063166F8-D465-46C3-9AC7-273EF3FE0770}.Release|iPhoneSimulator.Build.0 = Release|Any CPU
		{063166F8-D465-46C3-9AC7-273EF3FE0770}.Release|x64.ActiveCfg = Release|Any CPU
		{063166F8-D465-46C3-9AC7-273EF3FE0770}.Release|x64.Build.0 = Release|Any CPU
		{063166F8-D465-46C3-9AC7-273EF3FE0770}.Release|x86.ActiveCfg = Release|Any CPU
		{063166F8-D465-46C3-9AC7-273EF3FE0770}.Release|x86.Build.0 = Release|Any CPU
		{7CA2A5C5-FBCB-47BA-AF5C-A12CDAD0CC6C}.Ad-Hoc|Any CPU.ActiveCfg = Debug|Any CPU
		{7CA2A5C5-FBCB-47BA-AF5C-A12CDAD0CC6C}.Ad-Hoc|Any CPU.Build.0 = Debug|Any CPU
		{7CA2A5C5-FBCB-47BA-AF5C-A12CDAD0CC6C}.Ad-Hoc|ARM.ActiveCfg = Debug|Any CPU
		{7CA2A5C5-FBCB-47BA-AF5C-A12CDAD0CC6C}.Ad-Hoc|ARM.Build.0 = Debug|Any CPU
		{7CA2A5C5-FBCB-47BA-AF5C-A12CDAD0CC6C}.Ad-Hoc|iPhone.ActiveCfg = Debug|Any CPU
		{7CA2A5C5-FBCB-47BA-AF5C-A12CDAD0CC6C}.Ad-Hoc|iPhone.Build.0 = Debug|Any CPU
		{7CA2A5C5-FBCB-47BA-AF5C-A12CDAD0CC6C}.Ad-Hoc|iPhoneSimulator.ActiveCfg = Debug|Any CPU
		{7CA2A5C5-FBCB-47BA-AF5C-A12CDAD0CC6C}.Ad-Hoc|iPhoneSimulator.Build.0 = Debug|Any CPU
		{7CA2A5C5-FBCB-47BA-AF5C-A12CDAD0CC6C}.Ad-Hoc|x64.ActiveCfg = Debug|Any CPU
		{7CA2A5C5-FBCB-47BA-AF5C-A12CDAD0CC6C}.Ad-Hoc|x64.Build.0 = Debug|Any CPU
		{7CA2A5C5-FBCB-47BA-AF5C-A12CDAD0CC6C}.Ad-Hoc|x86.ActiveCfg = Debug|Any CPU
		{7CA2A5C5-FBCB-47BA-AF5C-A12CDAD0CC6C}.Ad-Hoc|x86.Build.0 = Debug|Any CPU
		{7CA2A5C5-FBCB-47BA-AF5C-A12CDAD0CC6C}.AppStore|Any CPU.ActiveCfg = Debug|Any CPU
		{7CA2A5C5-FBCB-47BA-AF5C-A12CDAD0CC6C}.AppStore|Any CPU.Build.0 = Debug|Any CPU
		{7CA2A5C5-FBCB-47BA-AF5C-A12CDAD0CC6C}.AppStore|ARM.ActiveCfg = Debug|Any CPU
		{7CA2A5C5-FBCB-47BA-AF5C-A12CDAD0CC6C}.AppStore|ARM.Build.0 = Debug|Any CPU
		{7CA2A5C5-FBCB-47BA-AF5C-A12CDAD0CC6C}.AppStore|iPhone.ActiveCfg = Debug|Any CPU
		{7CA2A5C5-FBCB-47BA-AF5C-A12CDAD0CC6C}.AppStore|iPhone.Build.0 = Debug|Any CPU
		{7CA2A5C5-FBCB-47BA-AF5C-A12CDAD0CC6C}.AppStore|iPhoneSimulator.ActiveCfg = Debug|Any CPU
		{7CA2A5C5-FBCB-47BA-AF5C-A12CDAD0CC6C}.AppStore|iPhoneSimulator.Build.0 = Debug|Any CPU
		{7CA2A5C5-FBCB-47BA-AF5C-A12CDAD0CC6C}.AppStore|x64.ActiveCfg = Debug|Any CPU
		{7CA2A5C5-FBCB-47BA-AF5C-A12CDAD0CC6C}.AppStore|x64.Build.0 = Debug|Any CPU
		{7CA2A5C5-FBCB-47BA-AF5C-A12CDAD0CC6C}.AppStore|x86.ActiveCfg = Debug|Any CPU
		{7CA2A5C5-FBCB-47BA-AF5C-A12CDAD0CC6C}.AppStore|x86.Build.0 = Debug|Any CPU
		{7CA2A5C5-FBCB-47BA-AF5C-A12CDAD0CC6C}.Debug|Any CPU.ActiveCfg = Debug|Any CPU
		{7CA2A5C5-FBCB-47BA-AF5C-A12CDAD0CC6C}.Debug|Any CPU.Build.0 = Debug|Any CPU
		{7CA2A5C5-FBCB-47BA-AF5C-A12CDAD0CC6C}.Debug|ARM.ActiveCfg = Debug|Any CPU
		{7CA2A5C5-FBCB-47BA-AF5C-A12CDAD0CC6C}.Debug|ARM.Build.0 = Debug|Any CPU
		{7CA2A5C5-FBCB-47BA-AF5C-A12CDAD0CC6C}.Debug|iPhone.ActiveCfg = Debug|Any CPU
		{7CA2A5C5-FBCB-47BA-AF5C-A12CDAD0CC6C}.Debug|iPhone.Build.0 = Debug|Any CPU
		{7CA2A5C5-FBCB-47BA-AF5C-A12CDAD0CC6C}.Debug|iPhoneSimulator.ActiveCfg = Debug|Any CPU
		{7CA2A5C5-FBCB-47BA-AF5C-A12CDAD0CC6C}.Debug|iPhoneSimulator.Build.0 = Debug|Any CPU
		{7CA2A5C5-FBCB-47BA-AF5C-A12CDAD0CC6C}.Debug|x64.ActiveCfg = Debug|Any CPU
		{7CA2A5C5-FBCB-47BA-AF5C-A12CDAD0CC6C}.Debug|x64.Build.0 = Debug|Any CPU
		{7CA2A5C5-FBCB-47BA-AF5C-A12CDAD0CC6C}.Debug|x86.ActiveCfg = Debug|Any CPU
		{7CA2A5C5-FBCB-47BA-AF5C-A12CDAD0CC6C}.Debug|x86.Build.0 = Debug|Any CPU
		{7CA2A5C5-FBCB-47BA-AF5C-A12CDAD0CC6C}.Release|Any CPU.ActiveCfg = Release|Any CPU
		{7CA2A5C5-FBCB-47BA-AF5C-A12CDAD0CC6C}.Release|Any CPU.Build.0 = Release|Any CPU
		{7CA2A5C5-FBCB-47BA-AF5C-A12CDAD0CC6C}.Release|ARM.ActiveCfg = Release|Any CPU
		{7CA2A5C5-FBCB-47BA-AF5C-A12CDAD0CC6C}.Release|ARM.Build.0 = Release|Any CPU
		{7CA2A5C5-FBCB-47BA-AF5C-A12CDAD0CC6C}.Release|iPhone.ActiveCfg = Release|Any CPU
		{7CA2A5C5-FBCB-47BA-AF5C-A12CDAD0CC6C}.Release|iPhone.Build.0 = Release|Any CPU
		{7CA2A5C5-FBCB-47BA-AF5C-A12CDAD0CC6C}.Release|iPhoneSimulator.ActiveCfg = Release|Any CPU
		{7CA2A5C5-FBCB-47BA-AF5C-A12CDAD0CC6C}.Release|iPhoneSimulator.Build.0 = Release|Any CPU
		{7CA2A5C5-FBCB-47BA-AF5C-A12CDAD0CC6C}.Release|x64.ActiveCfg = Release|Any CPU
		{7CA2A5C5-FBCB-47BA-AF5C-A12CDAD0CC6C}.Release|x64.Build.0 = Release|Any CPU
		{7CA2A5C5-FBCB-47BA-AF5C-A12CDAD0CC6C}.Release|x86.ActiveCfg = Release|Any CPU
		{7CA2A5C5-FBCB-47BA-AF5C-A12CDAD0CC6C}.Release|x86.Build.0 = Release|Any CPU
		{AABD32B4-BC3E-4C75-B53B-7392D6D14E5D}.Ad-Hoc|Any CPU.ActiveCfg = Release|Any CPU
		{AABD32B4-BC3E-4C75-B53B-7392D6D14E5D}.Ad-Hoc|Any CPU.Build.0 = Release|Any CPU
		{AABD32B4-BC3E-4C75-B53B-7392D6D14E5D}.Ad-Hoc|Any CPU.Deploy.0 = Release|Any CPU
		{AABD32B4-BC3E-4C75-B53B-7392D6D14E5D}.Ad-Hoc|ARM.ActiveCfg = Release|Any CPU
		{AABD32B4-BC3E-4C75-B53B-7392D6D14E5D}.Ad-Hoc|ARM.Build.0 = Release|Any CPU
		{AABD32B4-BC3E-4C75-B53B-7392D6D14E5D}.Ad-Hoc|ARM.Deploy.0 = Release|Any CPU
		{AABD32B4-BC3E-4C75-B53B-7392D6D14E5D}.Ad-Hoc|iPhone.ActiveCfg = Release|Any CPU
		{AABD32B4-BC3E-4C75-B53B-7392D6D14E5D}.Ad-Hoc|iPhone.Build.0 = Release|Any CPU
		{AABD32B4-BC3E-4C75-B53B-7392D6D14E5D}.Ad-Hoc|iPhone.Deploy.0 = Release|Any CPU
		{AABD32B4-BC3E-4C75-B53B-7392D6D14E5D}.Ad-Hoc|iPhoneSimulator.ActiveCfg = Release|Any CPU
		{AABD32B4-BC3E-4C75-B53B-7392D6D14E5D}.Ad-Hoc|iPhoneSimulator.Build.0 = Release|Any CPU
		{AABD32B4-BC3E-4C75-B53B-7392D6D14E5D}.Ad-Hoc|iPhoneSimulator.Deploy.0 = Release|Any CPU
		{AABD32B4-BC3E-4C75-B53B-7392D6D14E5D}.Ad-Hoc|x64.ActiveCfg = Release|Any CPU
		{AABD32B4-BC3E-4C75-B53B-7392D6D14E5D}.Ad-Hoc|x64.Build.0 = Release|Any CPU
		{AABD32B4-BC3E-4C75-B53B-7392D6D14E5D}.Ad-Hoc|x64.Deploy.0 = Release|Any CPU
		{AABD32B4-BC3E-4C75-B53B-7392D6D14E5D}.Ad-Hoc|x86.ActiveCfg = Release|Any CPU
		{AABD32B4-BC3E-4C75-B53B-7392D6D14E5D}.Ad-Hoc|x86.Build.0 = Release|Any CPU
		{AABD32B4-BC3E-4C75-B53B-7392D6D14E5D}.Ad-Hoc|x86.Deploy.0 = Release|Any CPU
		{AABD32B4-BC3E-4C75-B53B-7392D6D14E5D}.AppStore|Any CPU.ActiveCfg = Release|Any CPU
		{AABD32B4-BC3E-4C75-B53B-7392D6D14E5D}.AppStore|Any CPU.Build.0 = Release|Any CPU
		{AABD32B4-BC3E-4C75-B53B-7392D6D14E5D}.AppStore|Any CPU.Deploy.0 = Release|Any CPU
		{AABD32B4-BC3E-4C75-B53B-7392D6D14E5D}.AppStore|ARM.ActiveCfg = Release|Any CPU
		{AABD32B4-BC3E-4C75-B53B-7392D6D14E5D}.AppStore|ARM.Build.0 = Release|Any CPU
		{AABD32B4-BC3E-4C75-B53B-7392D6D14E5D}.AppStore|ARM.Deploy.0 = Release|Any CPU
		{AABD32B4-BC3E-4C75-B53B-7392D6D14E5D}.AppStore|iPhone.ActiveCfg = Release|Any CPU
		{AABD32B4-BC3E-4C75-B53B-7392D6D14E5D}.AppStore|iPhone.Build.0 = Release|Any CPU
		{AABD32B4-BC3E-4C75-B53B-7392D6D14E5D}.AppStore|iPhone.Deploy.0 = Release|Any CPU
		{AABD32B4-BC3E-4C75-B53B-7392D6D14E5D}.AppStore|iPhoneSimulator.ActiveCfg = Release|Any CPU
		{AABD32B4-BC3E-4C75-B53B-7392D6D14E5D}.AppStore|iPhoneSimulator.Build.0 = Release|Any CPU
		{AABD32B4-BC3E-4C75-B53B-7392D6D14E5D}.AppStore|iPhoneSimulator.Deploy.0 = Release|Any CPU
		{AABD32B4-BC3E-4C75-B53B-7392D6D14E5D}.AppStore|x64.ActiveCfg = Release|Any CPU
		{AABD32B4-BC3E-4C75-B53B-7392D6D14E5D}.AppStore|x64.Build.0 = Release|Any CPU
		{AABD32B4-BC3E-4C75-B53B-7392D6D14E5D}.AppStore|x64.Deploy.0 = Release|Any CPU
		{AABD32B4-BC3E-4C75-B53B-7392D6D14E5D}.AppStore|x86.ActiveCfg = Release|Any CPU
		{AABD32B4-BC3E-4C75-B53B-7392D6D14E5D}.AppStore|x86.Build.0 = Release|Any CPU
		{AABD32B4-BC3E-4C75-B53B-7392D6D14E5D}.AppStore|x86.Deploy.0 = Release|Any CPU
		{AABD32B4-BC3E-4C75-B53B-7392D6D14E5D}.Debug|Any CPU.ActiveCfg = Debug|Any CPU
		{AABD32B4-BC3E-4C75-B53B-7392D6D14E5D}.Debug|Any CPU.Build.0 = Debug|Any CPU
		{AABD32B4-BC3E-4C75-B53B-7392D6D14E5D}.Debug|Any CPU.Deploy.0 = Debug|Any CPU
		{AABD32B4-BC3E-4C75-B53B-7392D6D14E5D}.Debug|ARM.ActiveCfg = Debug|Any CPU
		{AABD32B4-BC3E-4C75-B53B-7392D6D14E5D}.Debug|ARM.Build.0 = Debug|Any CPU
		{AABD32B4-BC3E-4C75-B53B-7392D6D14E5D}.Debug|ARM.Deploy.0 = Debug|Any CPU
		{AABD32B4-BC3E-4C75-B53B-7392D6D14E5D}.Debug|iPhone.ActiveCfg = Debug|Any CPU
		{AABD32B4-BC3E-4C75-B53B-7392D6D14E5D}.Debug|iPhone.Build.0 = Debug|Any CPU
		{AABD32B4-BC3E-4C75-B53B-7392D6D14E5D}.Debug|iPhone.Deploy.0 = Debug|Any CPU
		{AABD32B4-BC3E-4C75-B53B-7392D6D14E5D}.Debug|iPhoneSimulator.ActiveCfg = Debug|Any CPU
		{AABD32B4-BC3E-4C75-B53B-7392D6D14E5D}.Debug|iPhoneSimulator.Build.0 = Debug|Any CPU
		{AABD32B4-BC3E-4C75-B53B-7392D6D14E5D}.Debug|iPhoneSimulator.Deploy.0 = Debug|Any CPU
		{AABD32B4-BC3E-4C75-B53B-7392D6D14E5D}.Debug|x64.ActiveCfg = Debug|Any CPU
		{AABD32B4-BC3E-4C75-B53B-7392D6D14E5D}.Debug|x64.Build.0 = Debug|Any CPU
		{AABD32B4-BC3E-4C75-B53B-7392D6D14E5D}.Debug|x64.Deploy.0 = Debug|Any CPU
		{AABD32B4-BC3E-4C75-B53B-7392D6D14E5D}.Debug|x86.ActiveCfg = Debug|Any CPU
		{AABD32B4-BC3E-4C75-B53B-7392D6D14E5D}.Debug|x86.Build.0 = Debug|Any CPU
		{AABD32B4-BC3E-4C75-B53B-7392D6D14E5D}.Debug|x86.Deploy.0 = Debug|Any CPU
		{AABD32B4-BC3E-4C75-B53B-7392D6D14E5D}.Release|Any CPU.ActiveCfg = Release|Any CPU
		{AABD32B4-BC3E-4C75-B53B-7392D6D14E5D}.Release|Any CPU.Build.0 = Release|Any CPU
		{AABD32B4-BC3E-4C75-B53B-7392D6D14E5D}.Release|Any CPU.Deploy.0 = Release|Any CPU
		{AABD32B4-BC3E-4C75-B53B-7392D6D14E5D}.Release|ARM.ActiveCfg = Release|Any CPU
		{AABD32B4-BC3E-4C75-B53B-7392D6D14E5D}.Release|ARM.Build.0 = Release|Any CPU
		{AABD32B4-BC3E-4C75-B53B-7392D6D14E5D}.Release|ARM.Deploy.0 = Release|Any CPU
		{AABD32B4-BC3E-4C75-B53B-7392D6D14E5D}.Release|iPhone.ActiveCfg = Release|Any CPU
		{AABD32B4-BC3E-4C75-B53B-7392D6D14E5D}.Release|iPhone.Build.0 = Release|Any CPU
		{AABD32B4-BC3E-4C75-B53B-7392D6D14E5D}.Release|iPhone.Deploy.0 = Release|Any CPU
		{AABD32B4-BC3E-4C75-B53B-7392D6D14E5D}.Release|iPhoneSimulator.ActiveCfg = Release|Any CPU
		{AABD32B4-BC3E-4C75-B53B-7392D6D14E5D}.Release|iPhoneSimulator.Build.0 = Release|Any CPU
		{AABD32B4-BC3E-4C75-B53B-7392D6D14E5D}.Release|iPhoneSimulator.Deploy.0 = Release|Any CPU
		{AABD32B4-BC3E-4C75-B53B-7392D6D14E5D}.Release|x64.ActiveCfg = Release|Any CPU
		{AABD32B4-BC3E-4C75-B53B-7392D6D14E5D}.Release|x64.Build.0 = Release|Any CPU
		{AABD32B4-BC3E-4C75-B53B-7392D6D14E5D}.Release|x64.Deploy.0 = Release|Any CPU
		{AABD32B4-BC3E-4C75-B53B-7392D6D14E5D}.Release|x86.ActiveCfg = Release|Any CPU
		{AABD32B4-BC3E-4C75-B53B-7392D6D14E5D}.Release|x86.Build.0 = Release|Any CPU
		{AABD32B4-BC3E-4C75-B53B-7392D6D14E5D}.Release|x86.Deploy.0 = Release|Any CPU
		{1587B12C-AF88-4472-B86D-13664B12AC84}.Ad-Hoc|Any CPU.ActiveCfg = Ad-Hoc|iPhone
		{1587B12C-AF88-4472-B86D-13664B12AC84}.Ad-Hoc|ARM.ActiveCfg = Ad-Hoc|iPhone
		{1587B12C-AF88-4472-B86D-13664B12AC84}.Ad-Hoc|iPhone.ActiveCfg = Ad-Hoc|iPhone
		{1587B12C-AF88-4472-B86D-13664B12AC84}.Ad-Hoc|iPhone.Build.0 = Ad-Hoc|iPhone
		{1587B12C-AF88-4472-B86D-13664B12AC84}.Ad-Hoc|iPhoneSimulator.ActiveCfg = Ad-Hoc|iPhoneSimulator
		{1587B12C-AF88-4472-B86D-13664B12AC84}.Ad-Hoc|iPhoneSimulator.Build.0 = Ad-Hoc|iPhoneSimulator
		{1587B12C-AF88-4472-B86D-13664B12AC84}.Ad-Hoc|x64.ActiveCfg = Ad-Hoc|iPhone
		{1587B12C-AF88-4472-B86D-13664B12AC84}.Ad-Hoc|x86.ActiveCfg = Ad-Hoc|iPhone
		{1587B12C-AF88-4472-B86D-13664B12AC84}.AppStore|Any CPU.ActiveCfg = AppStore|iPhone
		{1587B12C-AF88-4472-B86D-13664B12AC84}.AppStore|ARM.ActiveCfg = AppStore|iPhone
		{1587B12C-AF88-4472-B86D-13664B12AC84}.AppStore|iPhone.ActiveCfg = AppStore|iPhone
		{1587B12C-AF88-4472-B86D-13664B12AC84}.AppStore|iPhone.Build.0 = AppStore|iPhone
		{1587B12C-AF88-4472-B86D-13664B12AC84}.AppStore|iPhoneSimulator.ActiveCfg = AppStore|iPhoneSimulator
		{1587B12C-AF88-4472-B86D-13664B12AC84}.AppStore|iPhoneSimulator.Build.0 = AppStore|iPhoneSimulator
		{1587B12C-AF88-4472-B86D-13664B12AC84}.AppStore|x64.ActiveCfg = AppStore|iPhone
		{1587B12C-AF88-4472-B86D-13664B12AC84}.AppStore|x86.ActiveCfg = AppStore|iPhone
		{1587B12C-AF88-4472-B86D-13664B12AC84}.Debug|Any CPU.ActiveCfg = Debug|iPhone
		{1587B12C-AF88-4472-B86D-13664B12AC84}.Debug|ARM.ActiveCfg = Debug|iPhone
		{1587B12C-AF88-4472-B86D-13664B12AC84}.Debug|iPhone.ActiveCfg = Debug|iPhone
		{1587B12C-AF88-4472-B86D-13664B12AC84}.Debug|iPhone.Build.0 = Debug|iPhone
		{1587B12C-AF88-4472-B86D-13664B12AC84}.Debug|iPhoneSimulator.ActiveCfg = Debug|iPhoneSimulator
		{1587B12C-AF88-4472-B86D-13664B12AC84}.Debug|iPhoneSimulator.Build.0 = Debug|iPhoneSimulator
		{1587B12C-AF88-4472-B86D-13664B12AC84}.Debug|x64.ActiveCfg = Debug|iPhone
		{1587B12C-AF88-4472-B86D-13664B12AC84}.Debug|x86.ActiveCfg = Debug|iPhone
		{1587B12C-AF88-4472-B86D-13664B12AC84}.Release|Any CPU.ActiveCfg = Release|iPhone
		{1587B12C-AF88-4472-B86D-13664B12AC84}.Release|ARM.ActiveCfg = Release|iPhone
		{1587B12C-AF88-4472-B86D-13664B12AC84}.Release|iPhone.ActiveCfg = Release|iPhone
		{1587B12C-AF88-4472-B86D-13664B12AC84}.Release|iPhone.Build.0 = Release|iPhone
		{1587B12C-AF88-4472-B86D-13664B12AC84}.Release|iPhoneSimulator.ActiveCfg = Release|iPhoneSimulator
		{1587B12C-AF88-4472-B86D-13664B12AC84}.Release|iPhoneSimulator.Build.0 = Release|iPhoneSimulator
		{1587B12C-AF88-4472-B86D-13664B12AC84}.Release|x64.ActiveCfg = Release|iPhone
		{1587B12C-AF88-4472-B86D-13664B12AC84}.Release|x86.ActiveCfg = Release|iPhone
		{BA394538-C297-47FD-8819-3808A4C24C77}.Ad-Hoc|Any CPU.ActiveCfg = Release|x86
		{BA394538-C297-47FD-8819-3808A4C24C77}.Ad-Hoc|Any CPU.Build.0 = Release|x86
		{BA394538-C297-47FD-8819-3808A4C24C77}.Ad-Hoc|Any CPU.Deploy.0 = Release|x86
		{BA394538-C297-47FD-8819-3808A4C24C77}.Ad-Hoc|ARM.ActiveCfg = Release|ARM
		{BA394538-C297-47FD-8819-3808A4C24C77}.Ad-Hoc|ARM.Build.0 = Release|ARM
		{BA394538-C297-47FD-8819-3808A4C24C77}.Ad-Hoc|ARM.Deploy.0 = Release|ARM
		{BA394538-C297-47FD-8819-3808A4C24C77}.Ad-Hoc|iPhone.ActiveCfg = Release|x86
		{BA394538-C297-47FD-8819-3808A4C24C77}.Ad-Hoc|iPhone.Build.0 = Release|x86
		{BA394538-C297-47FD-8819-3808A4C24C77}.Ad-Hoc|iPhone.Deploy.0 = Release|x86
		{BA394538-C297-47FD-8819-3808A4C24C77}.Ad-Hoc|iPhoneSimulator.ActiveCfg = Release|x86
		{BA394538-C297-47FD-8819-3808A4C24C77}.Ad-Hoc|iPhoneSimulator.Build.0 = Release|x86
		{BA394538-C297-47FD-8819-3808A4C24C77}.Ad-Hoc|iPhoneSimulator.Deploy.0 = Release|x86
		{BA394538-C297-47FD-8819-3808A4C24C77}.Ad-Hoc|x64.ActiveCfg = Release|x64
		{BA394538-C297-47FD-8819-3808A4C24C77}.Ad-Hoc|x64.Build.0 = Release|x64
		{BA394538-C297-47FD-8819-3808A4C24C77}.Ad-Hoc|x64.Deploy.0 = Release|x64
		{BA394538-C297-47FD-8819-3808A4C24C77}.Ad-Hoc|x86.ActiveCfg = Release|x86
		{BA394538-C297-47FD-8819-3808A4C24C77}.Ad-Hoc|x86.Build.0 = Release|x86
		{BA394538-C297-47FD-8819-3808A4C24C77}.Ad-Hoc|x86.Deploy.0 = Release|x86
		{BA394538-C297-47FD-8819-3808A4C24C77}.AppStore|Any CPU.ActiveCfg = Release|x86
		{BA394538-C297-47FD-8819-3808A4C24C77}.AppStore|Any CPU.Build.0 = Release|x86
		{BA394538-C297-47FD-8819-3808A4C24C77}.AppStore|Any CPU.Deploy.0 = Release|x86
		{BA394538-C297-47FD-8819-3808A4C24C77}.AppStore|ARM.ActiveCfg = Release|ARM
		{BA394538-C297-47FD-8819-3808A4C24C77}.AppStore|ARM.Build.0 = Release|ARM
		{BA394538-C297-47FD-8819-3808A4C24C77}.AppStore|ARM.Deploy.0 = Release|ARM
		{BA394538-C297-47FD-8819-3808A4C24C77}.AppStore|iPhone.ActiveCfg = Release|x86
		{BA394538-C297-47FD-8819-3808A4C24C77}.AppStore|iPhone.Build.0 = Release|x86
		{BA394538-C297-47FD-8819-3808A4C24C77}.AppStore|iPhone.Deploy.0 = Release|x86
		{BA394538-C297-47FD-8819-3808A4C24C77}.AppStore|iPhoneSimulator.ActiveCfg = Release|x86
		{BA394538-C297-47FD-8819-3808A4C24C77}.AppStore|iPhoneSimulator.Build.0 = Release|x86
		{BA394538-C297-47FD-8819-3808A4C24C77}.AppStore|iPhoneSimulator.Deploy.0 = Release|x86
		{BA394538-C297-47FD-8819-3808A4C24C77}.AppStore|x64.ActiveCfg = Release|x64
		{BA394538-C297-47FD-8819-3808A4C24C77}.AppStore|x64.Build.0 = Release|x64
		{BA394538-C297-47FD-8819-3808A4C24C77}.AppStore|x64.Deploy.0 = Release|x64
		{BA394538-C297-47FD-8819-3808A4C24C77}.AppStore|x86.ActiveCfg = Release|x86
		{BA394538-C297-47FD-8819-3808A4C24C77}.AppStore|x86.Build.0 = Release|x86
		{BA394538-C297-47FD-8819-3808A4C24C77}.AppStore|x86.Deploy.0 = Release|x86
		{BA394538-C297-47FD-8819-3808A4C24C77}.Debug|Any CPU.ActiveCfg = Debug|x86
		{BA394538-C297-47FD-8819-3808A4C24C77}.Debug|ARM.ActiveCfg = Debug|ARM
		{BA394538-C297-47FD-8819-3808A4C24C77}.Debug|ARM.Build.0 = Debug|ARM
		{BA394538-C297-47FD-8819-3808A4C24C77}.Debug|ARM.Deploy.0 = Debug|ARM
		{BA394538-C297-47FD-8819-3808A4C24C77}.Debug|iPhone.ActiveCfg = Debug|x86
		{BA394538-C297-47FD-8819-3808A4C24C77}.Debug|iPhoneSimulator.ActiveCfg = Debug|x86
		{BA394538-C297-47FD-8819-3808A4C24C77}.Debug|x64.ActiveCfg = Debug|x64
		{BA394538-C297-47FD-8819-3808A4C24C77}.Debug|x64.Build.0 = Debug|x64
		{BA394538-C297-47FD-8819-3808A4C24C77}.Debug|x64.Deploy.0 = Debug|x64
		{BA394538-C297-47FD-8819-3808A4C24C77}.Debug|x86.ActiveCfg = Debug|x86
		{BA394538-C297-47FD-8819-3808A4C24C77}.Debug|x86.Build.0 = Debug|x86
		{BA394538-C297-47FD-8819-3808A4C24C77}.Debug|x86.Deploy.0 = Debug|x86
		{BA394538-C297-47FD-8819-3808A4C24C77}.Release|Any CPU.ActiveCfg = Release|x86
		{BA394538-C297-47FD-8819-3808A4C24C77}.Release|ARM.ActiveCfg = Release|ARM
		{BA394538-C297-47FD-8819-3808A4C24C77}.Release|ARM.Build.0 = Release|ARM
		{BA394538-C297-47FD-8819-3808A4C24C77}.Release|ARM.Deploy.0 = Release|ARM
		{BA394538-C297-47FD-8819-3808A4C24C77}.Release|iPhone.ActiveCfg = Release|x86
		{BA394538-C297-47FD-8819-3808A4C24C77}.Release|iPhoneSimulator.ActiveCfg = Release|x86
		{BA394538-C297-47FD-8819-3808A4C24C77}.Release|x64.ActiveCfg = Release|x64
		{BA394538-C297-47FD-8819-3808A4C24C77}.Release|x64.Build.0 = Release|x64
		{BA394538-C297-47FD-8819-3808A4C24C77}.Release|x64.Deploy.0 = Release|x64
		{BA394538-C297-47FD-8819-3808A4C24C77}.Release|x86.ActiveCfg = Release|x86
		{BA394538-C297-47FD-8819-3808A4C24C77}.Release|x86.Build.0 = Release|x86
		{BA394538-C297-47FD-8819-3808A4C24C77}.Release|x86.Deploy.0 = Release|x86
	EndGlobalSection
	GlobalSection(SolutionProperties) = preSolution
		HideSolutionNode = FALSE
	EndGlobalSection
	GlobalSection(ExtensibilityGlobals) = postSolution
		SolutionGuid = {966E8C67-CF45-4C84-9E6A-FFD426D15C92}
	EndGlobalSection
EndGlobal
